# This file is automatically @generated by Cargo.
# It is not intended for manual editing.
version = 3

[[package]]
name = "aforth"
version = "0.1.0"
dependencies = [
 "ignore-result",
]

[[package]]
name = "ignore-result"
version = "0.2.0"
source = "registry+https://github.com/rust-lang/crates.io-index"
checksum = "665ff4dce8edd10d490641ccb78949832f1ddbff02c584fb1f85ab888fe0e50c"
